// !$*UTF8*$!
{
	archiveVersion = 1;
	classes = {
	};
	objectVersion = 46;
	objects = {

/* Begin PBXBuildFile section */
		5D088F091ADE9454005F0876 /* main.m in Sources */ = {isa = PBXBuildFile; fileRef = 5D088F081ADE9454005F0876 /* main.m */; };
		5D088F0C1ADE9454005F0876 /* AppDelegate.mm in Sources */ = {isa = PBXBuildFile; fileRef = 5D088F0B1ADE9454005F0876 /* AppDelegate.mm */; };
		5D088F141ADE9454005F0876 /* Images.xcassets in Resources */ = {isa = PBXBuildFile; fileRef = 5D088F131ADE9454005F0876 /* Images.xcassets */; };
		5D088F171ADE9454005F0876 /* LaunchScreen.xib in Resources */ = {isa = PBXBuildFile; fileRef = 5D088F151ADE9454005F0876 /* LaunchScreen.xib */; };
		5D088F231ADE9455005F0876 /* SmartSchoolTests.m in Sources */ = {isa = PBXBuildFile; fileRef = 5D088F221ADE9455005F0876 /* SmartSchoolTests.m */; };
		BABF7064EA10929A1FD146D9 /* libPods.a in Frameworks */ = {isa = PBXBuildFile; fileRef = 84293381DF87931ADC1CB678 /* libPods.a */; };
		C88DD6951AFF9257009F8FFE /* YALSunnyRefreshControl.m in Sources */ = {isa = PBXBuildFile; fileRef = C88DD6931AFF9257009F8FFE /* YALSunnyRefreshControl.m */; };
		C88DD6961AFF9257009F8FFE /* YALSunnyRefreshControl.xib in Resources */ = {isa = PBXBuildFile; fileRef = C88DD6941AFF9257009F8FFE /* YALSunnyRefreshControl.xib */; };
		C88DD69C1AFF9338009F8FFE /* RGCardViewLayout.m in Sources */ = {isa = PBXBuildFile; fileRef = C88DD6991AFF9338009F8FFE /* RGCardViewLayout.m */; };
		C88DD69F1AFF97B8009F8FFE /* TaskMain.storyboard in Resources */ = {isa = PBXBuildFile; fileRef = C88DD69E1AFF97B8009F8FFE /* TaskMain.storyboard */; };
		C88DD6A21AFF97C9009F8FFE /* TaskMainViewController.m in Sources */ = {isa = PBXBuildFile; fileRef = C88DD6A11AFF97C9009F8FFE /* TaskMainViewController.m */; };
		C88DD6A51AFF9E0D009F8FFE /* TaskMainCollectionViewCell.m in Sources */ = {isa = PBXBuildFile; fileRef = C88DD6A41AFF9E0D009F8FFE /* TaskMainCollectionViewCell.m */; };
		CD8D7F451AF70756000B70A5 /* MapsMainViewController.m in Sources */ = {isa = PBXBuildFile; fileRef = CD8D7F431AF70756000B70A5 /* MapsMainViewController.m */; };
		CD8D7F461AF70756000B70A5 /* MapsMainViewController.xib in Resources */ = {isa = PBXBuildFile; fileRef = CD8D7F441AF70756000B70A5 /* MapsMainViewController.xib */; };
		CD8D7F4A1AF7076B000B70A5 /* TalkMainViewController.m in Sources */ = {isa = PBXBuildFile; fileRef = CD8D7F481AF7076B000B70A5 /* TalkMainViewController.m */; };
		CD8D7F4B1AF7076B000B70A5 /* TalkMainViewController.xib in Resources */ = {isa = PBXBuildFile; fileRef = CD8D7F491AF7076B000B70A5 /* TalkMainViewController.xib */; };
		CD8D7F541AF707AF000B70A5 /* MineMainViewController.m in Sources */ = {isa = PBXBuildFile; fileRef = CD8D7F521AF707AF000B70A5 /* MineMainViewController.m */; };
		CD8D7F551AF707AF000B70A5 /* MineMainViewController.xib in Resources */ = {isa = PBXBuildFile; fileRef = CD8D7F531AF707AF000B70A5 /* MineMainViewController.xib */; };
		CD8D7F5A1AF7238D000B70A5 /* backgroud_lightgray.png in Resources */ = {isa = PBXBuildFile; fileRef = CD8D7F591AF7238D000B70A5 /* backgroud_lightgray.png */; };
		CDB8AABF1AF700DD00A200C8 /* icon_tabbar_map.png in Resources */ = {isa = PBXBuildFile; fileRef = CDB8AAB51AF700DD00A200C8 /* icon_tabbar_map.png */; };
		CDB8AAC11AF700DD00A200C8 /* icon_tabbar_news.png in Resources */ = {isa = PBXBuildFile; fileRef = CDB8AAB71AF700DD00A200C8 /* icon_tabbar_news.png */; };
		CDB8AAC31AF700DD00A200C8 /* icon_tabbar_talkwith.png in Resources */ = {isa = PBXBuildFile; fileRef = CDB8AAB91AF700DD00A200C8 /* icon_tabbar_talkwith.png */; };
		CDB8AAC51AF700DD00A200C8 /* icon_tabbar_task.png in Resources */ = {isa = PBXBuildFile; fileRef = CDB8AABB1AF700DD00A200C8 /* icon_tabbar_task.png */; };
		CDB8AAC71AF700DD00A200C8 /* icon_tabbar_user.png in Resources */ = {isa = PBXBuildFile; fileRef = CDB8AABD1AF700DD00A200C8 /* icon_tabbar_user.png */; };
		CDB8AAD21AF7060800A200C8 /* BaseViewController.m in Sources */ = {isa = PBXBuildFile; fileRef = CDB8AAD11AF7060800A200C8 /* BaseViewController.m */; };
		CDB8AAD61AF7064A00A200C8 /* NewsMainViewController.m in Sources */ = {isa = PBXBuildFile; fileRef = CDB8AAD41AF7064A00A200C8 /* NewsMainViewController.m */; };
		CDB8AAD71AF7064A00A200C8 /* NewsMainViewController.xib in Resources */ = {isa = PBXBuildFile; fileRef = CDB8AAD51AF7064A00A200C8 /* NewsMainViewController.xib */; };
		CDE113641AF9E1A20073BBB8 /* BaiduMapAPI.framework in Frameworks */ = {isa = PBXBuildFile; fileRef = CDE113631AF9E1A20073BBB8 /* BaiduMapAPI.framework */; };
		CDE113661AF9E1F30073BBB8 /* mapapi.bundle in Resources */ = {isa = PBXBuildFile; fileRef = CDE113651AF9E1F30073BBB8 /* mapapi.bundle */; };
		CDE1139A1AFA06EE0073BBB8 /* libxml2.dylib in Frameworks */ = {isa = PBXBuildFile; fileRef = CDE113991AFA06EE0073BBB8 /* libxml2.dylib */; };
/* End PBXBuildFile section */

/* Begin PBXContainerItemProxy section */
		5D088F1D1ADE9455005F0876 /* PBXContainerItemProxy */ = {
			isa = PBXContainerItemProxy;
			containerPortal = 5D088EFB1ADE9454005F0876 /* Project object */;
			proxyType = 1;
			remoteGlobalIDString = 5D088F021ADE9454005F0876;
			remoteInfo = SmartSchool;
		};
/* End PBXContainerItemProxy section */

/* Begin PBXFileReference section */
		452A97064D595B85A442DE68 /* Pods.debug.xcconfig */ = {isa = PBXFileReference; includeInIndex = 1; lastKnownFileType = text.xcconfig; name = Pods.debug.xcconfig; path = "Pods/Target Support Files/Pods/Pods.debug.xcconfig"; sourceTree = "<group>"; };
		5D088F031ADE9454005F0876 /* SmartSchool.app */ = {isa = PBXFileReference; explicitFileType = wrapper.application; includeInIndex = 0; path = SmartSchool.app; sourceTree = BUILT_PRODUCTS_DIR; };
		5D088F071ADE9454005F0876 /* Info.plist */ = {isa = PBXFileReference; lastKnownFileType = text.plist.xml; path = Info.plist; sourceTree = "<group>"; };
		5D088F081ADE9454005F0876 /* main.m */ = {isa = PBXFileReference; lastKnownFileType = sourcecode.c.objc; path = main.m; sourceTree = "<group>"; };
		5D088F0A1ADE9454005F0876 /* AppDelegate.h */ = {isa = PBXFileReference; lastKnownFileType = sourcecode.c.h; path = AppDelegate.h; sourceTree = "<group>"; };
		5D088F0B1ADE9454005F0876 /* AppDelegate.mm */ = {isa = PBXFileReference; lastKnownFileType = sourcecode.cpp.objcpp; path = AppDelegate.mm; sourceTree = "<group>"; };
		5D088F131ADE9454005F0876 /* Images.xcassets */ = {isa = PBXFileReference; lastKnownFileType = folder.assetcatalog; path = Images.xcassets; sourceTree = "<group>"; };
		5D088F161ADE9454005F0876 /* Base */ = {isa = PBXFileReference; lastKnownFileType = file.xib; name = Base; path = Base.lproj/LaunchScreen.xib; sourceTree = "<group>"; };
		5D088F1C1ADE9455005F0876 /* SmartSchoolTests.xctest */ = {isa = PBXFileReference; explicitFileType = wrapper.cfbundle; includeInIndex = 0; path = SmartSchoolTests.xctest; sourceTree = BUILT_PRODUCTS_DIR; };
		5D088F211ADE9455005F0876 /* Info.plist */ = {isa = PBXFileReference; lastKnownFileType = text.plist.xml; path = Info.plist; sourceTree = "<group>"; };
		5D088F221ADE9455005F0876 /* SmartSchoolTests.m */ = {isa = PBXFileReference; lastKnownFileType = sourcecode.c.objc; path = SmartSchoolTests.m; sourceTree = "<group>"; };
		84293381DF87931ADC1CB678 /* libPods.a */ = {isa = PBXFileReference; explicitFileType = archive.ar; includeInIndex = 0; path = libPods.a; sourceTree = BUILT_PRODUCTS_DIR; };
		A3DFA5746D662A72EE498BBA /* Pods.release.xcconfig */ = {isa = PBXFileReference; includeInIndex = 1; lastKnownFileType = text.xcconfig; name = Pods.release.xcconfig; path = "Pods/Target Support Files/Pods/Pods.release.xcconfig"; sourceTree = "<group>"; };
		C88DD6921AFF9257009F8FFE /* YALSunnyRefreshControl.h */ = {isa = PBXFileReference; fileEncoding = 4; lastKnownFileType = sourcecode.c.h; path = YALSunnyRefreshControl.h; sourceTree = "<group>"; };
		C88DD6931AFF9257009F8FFE /* YALSunnyRefreshControl.m */ = {isa = PBXFileReference; fileEncoding = 4; lastKnownFileType = sourcecode.c.objc; path = YALSunnyRefreshControl.m; sourceTree = "<group>"; };
		C88DD6941AFF9257009F8FFE /* YALSunnyRefreshControl.xib */ = {isa = PBXFileReference; fileEncoding = 4; lastKnownFileType = file.xib; path = YALSunnyRefreshControl.xib; sourceTree = "<group>"; };
		C88DD6981AFF9338009F8FFE /* RGCardViewLayout.h */ = {isa = PBXFileReference; fileEncoding = 4; lastKnownFileType = sourcecode.c.h; path = RGCardViewLayout.h; sourceTree = "<group>"; };
		C88DD6991AFF9338009F8FFE /* RGCardViewLayout.m */ = {isa = PBXFileReference; fileEncoding = 4; lastKnownFileType = sourcecode.c.objc; path = RGCardViewLayout.m; sourceTree = "<group>"; };
		C88DD69E1AFF97B8009F8FFE /* TaskMain.storyboard */ = {isa = PBXFileReference; fileEncoding = 4; lastKnownFileType = file.storyboard; path = TaskMain.storyboard; sourceTree = "<group>"; };
		C88DD6A01AFF97C9009F8FFE /* TaskMainViewController.h */ = {isa = PBXFileReference; fileEncoding = 4; lastKnownFileType = sourcecode.c.h; path = TaskMainViewController.h; sourceTree = "<group>"; };
		C88DD6A11AFF97C9009F8FFE /* TaskMainViewController.m */ = {isa = PBXFileReference; fileEncoding = 4; lastKnownFileType = sourcecode.c.objc; path = TaskMainViewController.m; sourceTree = "<group>"; };
		C88DD6A31AFF9E0D009F8FFE /* TaskMainCollectionViewCell.h */ = {isa = PBXFileReference; fileEncoding = 4; lastKnownFileType = sourcecode.c.h; path = TaskMainCollectionViewCell.h; sourceTree = "<group>"; };
		C88DD6A41AFF9E0D009F8FFE /* TaskMainCollectionViewCell.m */ = {isa = PBXFileReference; fileEncoding = 4; lastKnownFileType = sourcecode.c.objc; path = TaskMainCollectionViewCell.m; sourceTree = "<group>"; };
		CD8D7F421AF70756000B70A5 /* MapsMainViewController.h */ = {isa = PBXFileReference; fileEncoding = 4; lastKnownFileType = sourcecode.c.h; path = MapsMainViewController.h; sourceTree = "<group>"; };
		CD8D7F431AF70756000B70A5 /* MapsMainViewController.m */ = {isa = PBXFileReference; fileEncoding = 4; lastKnownFileType = sourcecode.c.objc; path = MapsMainViewController.m; sourceTree = "<group>"; };
		CD8D7F441AF70756000B70A5 /* MapsMainViewController.xib */ = {isa = PBXFileReference; fileEncoding = 4; lastKnownFileType = file.xib; path = MapsMainViewController.xib; sourceTree = "<group>"; };
		CD8D7F471AF7076B000B70A5 /* TalkMainViewController.h */ = {isa = PBXFileReference; fileEncoding = 4; lastKnownFileType = sourcecode.c.h; path = TalkMainViewController.h; sourceTree = "<group>"; };
		CD8D7F481AF7076B000B70A5 /* TalkMainViewController.m */ = {isa = PBXFileReference; fileEncoding = 4; lastKnownFileType = sourcecode.c.objc; path = TalkMainViewController.m; sourceTree = "<group>"; };
		CD8D7F491AF7076B000B70A5 /* TalkMainViewController.xib */ = {isa = PBXFileReference; fileEncoding = 4; lastKnownFileType = file.xib; path = TalkMainViewController.xib; sourceTree = "<group>"; };
		CD8D7F511AF707AF000B70A5 /* MineMainViewController.h */ = {isa = PBXFileReference; fileEncoding = 4; lastKnownFileType = sourcecode.c.h; path = MineMainViewController.h; sourceTree = "<group>"; };
		CD8D7F521AF707AF000B70A5 /* MineMainViewController.m */ = {isa = PBXFileReference; fileEncoding = 4; lastKnownFileType = sourcecode.c.objc; path = MineMainViewController.m; sourceTree = "<group>"; };
		CD8D7F531AF707AF000B70A5 /* MineMainViewController.xib */ = {isa = PBXFileReference; fileEncoding = 4; lastKnownFileType = file.xib; path = MineMainViewController.xib; sourceTree = "<group>"; };
		CD8D7F591AF7238D000B70A5 /* backgroud_lightgray.png */ = {isa = PBXFileReference; lastKnownFileType = image.png; path = backgroud_lightgray.png; sourceTree = "<group>"; };
		CDB8AAB51AF700DD00A200C8 /* icon_tabbar_map.png */ = {isa = PBXFileReference; lastKnownFileType = image.png; path = icon_tabbar_map.png; sourceTree = "<group>"; };
		CDB8AAB71AF700DD00A200C8 /* icon_tabbar_news.png */ = {isa = PBXFileReference; lastKnownFileType = image.png; path = icon_tabbar_news.png; sourceTree = "<group>"; };
		CDB8AAB91AF700DD00A200C8 /* icon_tabbar_talkwith.png */ = {isa = PBXFileReference; lastKnownFileType = image.png; path = icon_tabbar_talkwith.png; sourceTree = "<group>"; };
		CDB8AABB1AF700DD00A200C8 /* icon_tabbar_task.png */ = {isa = PBXFileReference; lastKnownFileType = image.png; path = icon_tabbar_task.png; sourceTree = "<group>"; };
		CDB8AABD1AF700DD00A200C8 /* icon_tabbar_user.png */ = {isa = PBXFileReference; lastKnownFileType = image.png; path = icon_tabbar_user.png; sourceTree = "<group>"; };
		CDB8AAD01AF7060800A200C8 /* BaseViewController.h */ = {isa = PBXFileReference; fileEncoding = 4; lastKnownFileType = sourcecode.c.h; path = BaseViewController.h; sourceTree = "<group>"; };
		CDB8AAD11AF7060800A200C8 /* BaseViewController.m */ = {isa = PBXFileReference; fileEncoding = 4; lastKnownFileType = sourcecode.c.objc; path = BaseViewController.m; sourceTree = "<group>"; };
		CDB8AAD31AF7064A00A200C8 /* NewsMainViewController.h */ = {isa = PBXFileReference; fileEncoding = 4; lastKnownFileType = sourcecode.c.h; path = NewsMainViewController.h; sourceTree = "<group>"; };
		CDB8AAD41AF7064A00A200C8 /* NewsMainViewController.m */ = {isa = PBXFileReference; fileEncoding = 4; lastKnownFileType = sourcecode.c.objc; path = NewsMainViewController.m; sourceTree = "<group>"; };
		CDB8AAD51AF7064A00A200C8 /* NewsMainViewController.xib */ = {isa = PBXFileReference; fileEncoding = 4; lastKnownFileType = file.xib; path = NewsMainViewController.xib; sourceTree = "<group>"; };
		CDE113631AF9E1A20073BBB8 /* BaiduMapAPI.framework */ = {isa = PBXFileReference; lastKnownFileType = wrapper.framework; name = BaiduMapAPI.framework; path = SmartSchool/Frameworks/BaiduMapAPI.framework; sourceTree = "<group>"; };
		CDE113651AF9E1F30073BBB8 /* mapapi.bundle */ = {isa = PBXFileReference; lastKnownFileType = "wrapper.plug-in"; name = mapapi.bundle; path = SmartSchool/Frameworks/BaiduMapAPI.framework/Resources/mapapi.bundle; sourceTree = "<group>"; };
		CDE113991AFA06EE0073BBB8 /* libxml2.dylib */ = {isa = PBXFileReference; lastKnownFileType = "compiled.mach-o.dylib"; name = libxml2.dylib; path = usr/lib/libxml2.dylib; sourceTree = SDKROOT; };
/* End PBXFileReference section */

/* Begin PBXFrameworksBuildPhase section */
		5D088F001ADE9454005F0876 /* Frameworks */ = {
			isa = PBXFrameworksBuildPhase;
			buildActionMask = 2147483647;
			files = (
				CDE1139A1AFA06EE0073BBB8 /* libxml2.dylib in Frameworks */,
				CDE113641AF9E1A20073BBB8 /* BaiduMapAPI.framework in Frameworks */,
				BABF7064EA10929A1FD146D9 /* libPods.a in Frameworks */,
			);
			runOnlyForDeploymentPostprocessing = 0;
		};
		5D088F191ADE9455005F0876 /* Frameworks */ = {
			isa = PBXFrameworksBuildPhase;
			buildActionMask = 2147483647;
			files = (
			);
			runOnlyForDeploymentPostprocessing = 0;
		};
/* End PBXFrameworksBuildPhase section */

/* Begin PBXGroup section */
		5D088EFA1ADE9454005F0876 = {
			isa = PBXGroup;
			children = (
				CDE113601AF9E1270073BBB8 /* Frameworks */,
				5D088F051ADE9454005F0876 /* SmartSchool */,
				5D088F1F1ADE9455005F0876 /* SmartSchoolTests */,
				5D088F041ADE9454005F0876 /* Products */,
				AAD9758744C286B2EBBFE500 /* Pods */,
				A70DEA2A56C900540A36FAF1 /* Frameworks */,
			);
			sourceTree = "<group>";
		};
		5D088F041ADE9454005F0876 /* Products */ = {
			isa = PBXGroup;
			children = (
				5D088F031ADE9454005F0876 /* SmartSchool.app */,
				5D088F1C1ADE9455005F0876 /* SmartSchoolTests.xctest */,
			);
			name = Products;
			sourceTree = "<group>";
		};
		5D088F051ADE9454005F0876 /* SmartSchool */ = {
			isa = PBXGroup;
			children = (
				5D088F0A1ADE9454005F0876 /* AppDelegate.h */,
				5D088F0B1ADE9454005F0876 /* AppDelegate.mm */,
				5D088F131ADE9454005F0876 /* Images.xcassets */,
				5D088F151ADE9454005F0876 /* LaunchScreen.xib */,
				C88DD6901AFF9209009F8FFE /* Tools */,
				CDB8AACF1AF705E600A200C8 /* BaseClass */,
				CDB8AAC91AF705D500A200C8 /* ViewControllers */,
				CDB8AAB31AF700D100A200C8 /* Images */,
				5D088F061ADE9454005F0876 /* Supporting Files */,
			);
			path = SmartSchool;
			sourceTree = "<group>";
		};
		5D088F061ADE9454005F0876 /* Supporting Files */ = {
			isa = PBXGroup;
			children = (
				5D088F071ADE9454005F0876 /* Info.plist */,
				5D088F081ADE9454005F0876 /* main.m */,
			);
			name = "Supporting Files";
			sourceTree = "<group>";
		};
		5D088F1F1ADE9455005F0876 /* SmartSchoolTests */ = {
			isa = PBXGroup;
			children = (
				5D088F221ADE9455005F0876 /* SmartSchoolTests.m */,
				5D088F201ADE9455005F0876 /* Supporting Files */,
			);
			path = SmartSchoolTests;
			sourceTree = "<group>";
		};
		5D088F201ADE9455005F0876 /* Supporting Files */ = {
			isa = PBXGroup;
			children = (
				5D088F211ADE9455005F0876 /* Info.plist */,
			);
			name = "Supporting Files";
			sourceTree = "<group>";
		};
		A70DEA2A56C900540A36FAF1 /* Frameworks */ = {
			isa = PBXGroup;
			children = (
				84293381DF87931ADC1CB678 /* libPods.a */,
			);
			name = Frameworks;
			sourceTree = "<group>";
		};
		AAD9758744C286B2EBBFE500 /* Pods */ = {
			isa = PBXGroup;
			children = (
				452A97064D595B85A442DE68 /* Pods.debug.xcconfig */,
				A3DFA5746D662A72EE498BBA /* Pods.release.xcconfig */,
			);
			name = Pods;
			sourceTree = "<group>";
		};
		C88DD6901AFF9209009F8FFE /* Tools */ = {
			isa = PBXGroup;
			children = (
				C88DD6971AFF9338009F8FFE /* RGCardViewLayout */,
				C88DD6911AFF9257009F8FFE /* YALSunnyRefreshControll */,
			);
			path = Tools;
			sourceTree = "<group>";
		};
		C88DD6911AFF9257009F8FFE /* YALSunnyRefreshControll */ = {
			isa = PBXGroup;
			children = (
				C88DD6921AFF9257009F8FFE /* YALSunnyRefreshControl.h */,
				C88DD6931AFF9257009F8FFE /* YALSunnyRefreshControl.m */,
				C88DD6941AFF9257009F8FFE /* YALSunnyRefreshControl.xib */,
			);
			path = YALSunnyRefreshControll;
			sourceTree = "<group>";
		};
		C88DD6971AFF9338009F8FFE /* RGCardViewLayout */ = {
			isa = PBXGroup;
			children = (
				C88DD6981AFF9338009F8FFE /* RGCardViewLayout.h */,
				C88DD6991AFF9338009F8FFE /* RGCardViewLayout.m */,
			);
			path = RGCardViewLayout;
			sourceTree = "<group>";
		};
		CD8D7F581AF7238D000B70A5 /* backgroud */ = {
			isa = PBXGroup;
			children = (
				CD8D7F591AF7238D000B70A5 /* backgroud_lightgray.png */,
			);
			path = backgroud;
			sourceTree = "<group>";
		};
		CDB8AAB31AF700D100A200C8 /* Images */ = {
			isa = PBXGroup;
			children = (
				CD8D7F581AF7238D000B70A5 /* backgroud */,
				CDB8AAB41AF700DD00A200C8 /* icon_tabbar */,
			);
			path = Images;
			sourceTree = "<group>";
		};
		CDB8AAB41AF700DD00A200C8 /* icon_tabbar */ = {
			isa = PBXGroup;
			children = (
				CDB8AAB51AF700DD00A200C8 /* icon_tabbar_map.png */,
				CDB8AAB71AF700DD00A200C8 /* icon_tabbar_news.png */,
				CDB8AAB91AF700DD00A200C8 /* icon_tabbar_talkwith.png */,
				CDB8AABB1AF700DD00A200C8 /* icon_tabbar_task.png */,
				CDB8AABD1AF700DD00A200C8 /* icon_tabbar_user.png */,
			);
			path = icon_tabbar;
			sourceTree = "<group>";
		};
		CDB8AAC91AF705D500A200C8 /* ViewControllers */ = {
			isa = PBXGroup;
			children = (
				CDB8AACC1AF705D500A200C8 /* News */,
				CDB8AACA1AF705D500A200C8 /* Maps */,
				CDB8AACD1AF705D500A200C8 /* Talk */,
				CDB8AACE1AF705D500A200C8 /* Task */,
				CDB8AACB1AF705D500A200C8 /* Mine */,
				CDD2839D1B00831800A6D443 /* Login */,
			);
			path = ViewControllers;
			sourceTree = "<group>";
		};
		CDB8AACA1AF705D500A200C8 /* Maps */ = {
			isa = PBXGroup;
			children = (
				CD8D7F421AF70756000B70A5 /* MapsMainViewController.h */,
				CD8D7F431AF70756000B70A5 /* MapsMainViewController.m */,
				CD8D7F441AF70756000B70A5 /* MapsMainViewController.xib */,
			);
			path = Maps;
			sourceTree = "<group>";
		};
		CDB8AACB1AF705D500A200C8 /* Mine */ = {
			isa = PBXGroup;
			children = (
				CD8D7F511AF707AF000B70A5 /* MineMainViewController.h */,
				CD8D7F521AF707AF000B70A5 /* MineMainViewController.m */,
				CD8D7F531AF707AF000B70A5 /* MineMainViewController.xib */,
			);
			path = Mine;
			sourceTree = "<group>";
		};
		CDB8AACC1AF705D500A200C8 /* News */ = {
			isa = PBXGroup;
			children = (
				CDB8AAD31AF7064A00A200C8 /* NewsMainViewController.h */,
				CDB8AAD41AF7064A00A200C8 /* NewsMainViewController.m */,
				CDB8AAD51AF7064A00A200C8 /* NewsMainViewController.xib */,
			);
			path = News;
			sourceTree = "<group>";
		};
		CDB8AACD1AF705D500A200C8 /* Talk */ = {
			isa = PBXGroup;
			children = (
				CD8D7F471AF7076B000B70A5 /* TalkMainViewController.h */,
				CD8D7F481AF7076B000B70A5 /* TalkMainViewController.m */,
				CD8D7F491AF7076B000B70A5 /* TalkMainViewController.xib */,
			);
			path = Talk;
			sourceTree = "<group>";
		};
		CDB8AACE1AF705D500A200C8 /* Task */ = {
			isa = PBXGroup;
			children = (
				C88DD6A31AFF9E0D009F8FFE /* TaskMainCollectionViewCell.h */,
				C88DD6A41AFF9E0D009F8FFE /* TaskMainCollectionViewCell.m */,
				C88DD6A01AFF97C9009F8FFE /* TaskMainViewController.h */,
				C88DD6A11AFF97C9009F8FFE /* TaskMainViewController.m */,
				C88DD69E1AFF97B8009F8FFE /* TaskMain.storyboard */,
			);
			path = Task;
			sourceTree = "<group>";
		};
		CDB8AACF1AF705E600A200C8 /* BaseClass */ = {
			isa = PBXGroup;
			children = (
				CDB8AAD01AF7060800A200C8 /* BaseViewController.h */,
				CDB8AAD11AF7060800A200C8 /* BaseViewController.m */,
			);
			path = BaseClass;
			sourceTree = "<group>";
		};
		CDD2839D1B00831800A6D443 /* Login */ = {
			isa = PBXGroup;
			children = (
			);
			path = Login;
			sourceTree = "<group>";
		};
		CDE113601AF9E1270073BBB8 /* Frameworks */ = {
			isa = PBXGroup;
			children = (
				CDE113991AFA06EE0073BBB8 /* libxml2.dylib */,
				CDE113651AF9E1F30073BBB8 /* mapapi.bundle */,
				CDE113631AF9E1A20073BBB8 /* BaiduMapAPI.framework */,
			);
			name = Frameworks;
			sourceTree = "<group>";
		};
/* End PBXGroup section */

/* Begin PBXNativeTarget section */
		5D088F021ADE9454005F0876 /* SmartSchool */ = {
			isa = PBXNativeTarget;
			buildConfigurationList = 5D088F261ADE9455005F0876 /* Build configuration list for PBXNativeTarget "SmartSchool" */;
			buildPhases = (
				052D3F5C4882608534C84927 /* Check Pods Manifest.lock */,
				5D088EFF1ADE9454005F0876 /* Sources */,
				5D088F001ADE9454005F0876 /* Frameworks */,
				5D088F011ADE9454005F0876 /* Resources */,
				BA36A56BF05B3E325B53A4B3 /* Copy Pods Resources */,
			);
			buildRules = (
			);
			dependencies = (
			);
			name = SmartSchool;
			productName = SmartSchool;
			productReference = 5D088F031ADE9454005F0876 /* SmartSchool.app */;
			productType = "com.apple.product-type.application";
		};
		5D088F1B1ADE9455005F0876 /* SmartSchoolTests */ = {
			isa = PBXNativeTarget;
			buildConfigurationList = 5D088F291ADE9455005F0876 /* Build configuration list for PBXNativeTarget "SmartSchoolTests" */;
			buildPhases = (
				5D088F181ADE9455005F0876 /* Sources */,
				5D088F191ADE9455005F0876 /* Frameworks */,
				5D088F1A1ADE9455005F0876 /* Resources */,
			);
			buildRules = (
			);
			dependencies = (
				5D088F1E1ADE9455005F0876 /* PBXTargetDependency */,
			);
			name = SmartSchoolTests;
			productName = SmartSchoolTests;
			productReference = 5D088F1C1ADE9455005F0876 /* SmartSchoolTests.xctest */;
			productType = "com.apple.product-type.bundle.unit-test";
		};
/* End PBXNativeTarget section */

/* Begin PBXProject section */
		5D088EFB1ADE9454005F0876 /* Project object */ = {
			isa = PBXProject;
			attributes = {
				LastUpgradeCheck = 0630;
				ORGANIZATIONNAME = guweidong;
				TargetAttributes = {
					5D088F021ADE9454005F0876 = {
						CreatedOnToolsVersion = 6.3;
						DevelopmentTeam = 7S2SU97Q5G;
					};
					5D088F1B1ADE9455005F0876 = {
						CreatedOnToolsVersion = 6.3;
						TestTargetID = 5D088F021ADE9454005F0876;
					};
				};
			};
			buildConfigurationList = 5D088EFE1ADE9454005F0876 /* Build configuration list for PBXProject "SmartSchool" */;
			compatibilityVersion = "Xcode 3.2";
			developmentRegion = English;
			hasScannedForEncodings = 0;
			knownRegions = (
				en,
				Base,
			);
			mainGroup = 5D088EFA1ADE9454005F0876;
			productRefGroup = 5D088F041ADE9454005F0876 /* Products */;
			projectDirPath = "";
			projectRoot = "";
			targets = (
				5D088F021ADE9454005F0876 /* SmartSchool */,
				5D088F1B1ADE9455005F0876 /* SmartSchoolTests */,
			);
		};
/* End PBXProject section */

/* Begin PBXResourcesBuildPhase section */
		5D088F011ADE9454005F0876 /* Resources */ = {
			isa = PBXResourcesBuildPhase;
			buildActionMask = 2147483647;
			files = (
				CDB8AAC71AF700DD00A200C8 /* icon_tabbar_user.png in Resources */,
				CDB8AAC11AF700DD00A200C8 /* icon_tabbar_news.png in Resources */,
				CD8D7F551AF707AF000B70A5 /* MineMainViewController.xib in Resources */,
				5D088F171ADE9454005F0876 /* LaunchScreen.xib in Resources */,
				5D088F141ADE9454005F0876 /* Images.xcassets in Resources */,
				CDE113661AF9E1F30073BBB8 /* mapapi.bundle in Resources */,
				CDB8AABF1AF700DD00A200C8 /* icon_tabbar_map.png in Resources */,
				CDB8AAC31AF700DD00A200C8 /* icon_tabbar_talkwith.png in Resources */,
				CD8D7F5A1AF7238D000B70A5 /* backgroud_lightgray.png in Resources */,
				CD8D7F4B1AF7076B000B70A5 /* TalkMainViewController.xib in Resources */,
				CDB8AAC51AF700DD00A200C8 /* icon_tabbar_task.png in Resources */,
				C88DD69F1AFF97B8009F8FFE /* TaskMain.storyboard in Resources */,
				C88DD6961AFF9257009F8FFE /* YALSunnyRefreshControl.xib in Resources */,
				CD8D7F461AF70756000B70A5 /* MapsMainViewController.xib in Resources */,
				CDB8AAD71AF7064A00A200C8 /* NewsMainViewController.xib in Resources */,
			);
			runOnlyForDeploymentPostprocessing = 0;
		};
		5D088F1A1ADE9455005F0876 /* Resources */ = {
			isa = PBXResourcesBuildPhase;
			buildActionMask = 2147483647;
			files = (
			);
			runOnlyForDeploymentPostprocessing = 0;
		};
/* End PBXResourcesBuildPhase section */

/* Begin PBXShellScriptBuildPhase section */
		052D3F5C4882608534C84927 /* Check Pods Manifest.lock */ = {
			isa = PBXShellScriptBuildPhase;
			buildActionMask = 2147483647;
			files = (
			);
			inputPaths = (
			);
			name = "Check Pods Manifest.lock";
			outputPaths = (
			);
			runOnlyForDeploymentPostprocessing = 0;
			shellPath = /bin/sh;
			shellScript = "diff \"${PODS_ROOT}/../Podfile.lock\" \"${PODS_ROOT}/Manifest.lock\" > /dev/null\nif [[ $? != 0 ]] ; then\n    cat << EOM\nerror: The sandbox is not in sync with the Podfile.lock. Run 'pod install' or update your CocoaPods installation.\nEOM\n    exit 1\nfi\n";
			showEnvVarsInLog = 0;
		};
		BA36A56BF05B3E325B53A4B3 /* Copy Pods Resources */ = {
			isa = PBXShellScriptBuildPhase;
			buildActionMask = 2147483647;
			files = (
			);
			inputPaths = (
			);
			name = "Copy Pods Resources";
			outputPaths = (
			);
			runOnlyForDeploymentPostprocessing = 0;
			shellPath = /bin/sh;
			shellScript = "\"${SRCROOT}/Pods/Target Support Files/Pods/Pods-resources.sh\"\n";
			showEnvVarsInLog = 0;
		};
/* End PBXShellScriptBuildPhase section */

/* Begin PBXSourcesBuildPhase section */
		5D088EFF1ADE9454005F0876 /* Sources */ = {
			isa = PBXSourcesBuildPhase;
			buildActionMask = 2147483647;
			files = (
				CD8D7F541AF707AF000B70A5 /* MineMainViewController.m in Sources */,
				CDB8AAD21AF7060800A200C8 /* BaseViewController.m in Sources */,
				C88DD6951AFF9257009F8FFE /* YALSunnyRefreshControl.m in Sources */,
				CD8D7F4A1AF7076B000B70A5 /* TalkMainViewController.m in Sources */,
				C88DD6A21AFF97C9009F8FFE /* TaskMainViewController.m in Sources */,
				C88DD6A51AFF9E0D009F8FFE /* TaskMainCollectionViewCell.m in Sources */,
				CD8D7F451AF70756000B70A5 /* MapsMainViewController.m in Sources */,
				5D088F0C1ADE9454005F0876 /* AppDelegate.mm in Sources */,
				C88DD69C1AFF9338009F8FFE /* RGCardViewLayout.m in Sources */,
				5D088F091ADE9454005F0876 /* main.m in Sources */,
				CDB8AAD61AF7064A00A200C8 /* NewsMainViewController.m in Sources */,
			);
			runOnlyForDeploymentPostprocessing = 0;
		};
		5D088F181ADE9455005F0876 /* Sources */ = {
			isa = PBXSourcesBuildPhase;
			buildActionMask = 2147483647;
			files = (
				5D088F231ADE9455005F0876 /* SmartSchoolTests.m in Sources */,
			);
			runOnlyForDeploymentPostprocessing = 0;
		};
/* End PBXSourcesBuildPhase section */

/* Begin PBXTargetDependency section */
		5D088F1E1ADE9455005F0876 /* PBXTargetDependency */ = {
			isa = PBXTargetDependency;
			target = 5D088F021ADE9454005F0876 /* SmartSchool */;
			targetProxy = 5D088F1D1ADE9455005F0876 /* PBXContainerItemProxy */;
		};
/* End PBXTargetDependency section */

/* Begin PBXVariantGroup section */
		5D088F151ADE9454005F0876 /* LaunchScreen.xib */ = {
			isa = PBXVariantGroup;
			children = (
				5D088F161ADE9454005F0876 /* Base */,
			);
			name = LaunchScreen.xib;
			sourceTree = "<group>";
		};
/* End PBXVariantGroup section */

/* Begin XCBuildConfiguration section */
		5D088F241ADE9455005F0876 /* Debug */ = {
			isa = XCBuildConfiguration;
			buildSettings = {
				ALWAYS_SEARCH_USER_PATHS = NO;
				CLANG_CXX_LANGUAGE_STANDARD = "gnu++0x";
				CLANG_CXX_LIBRARY = "libc++";
				CLANG_ENABLE_MODULES = YES;
				CLANG_ENABLE_OBJC_ARC = YES;
				CLANG_WARN_BOOL_CONVERSION = YES;
				CLANG_WARN_CONSTANT_CONVERSION = YES;
				CLANG_WARN_DIRECT_OBJC_ISA_USAGE = YES_ERROR;
				CLANG_WARN_EMPTY_BODY = YES;
				CLANG_WARN_ENUM_CONVERSION = YES;
				CLANG_WARN_INT_CONVERSION = YES;
				CLANG_WARN_OBJC_ROOT_CLASS = YES_ERROR;
				CLANG_WARN_UNREACHABLE_CODE = YES;
				CLANG_WARN__DUPLICATE_METHOD_MATCH = YES;
				"CODE_SIGN_IDENTITY[sdk=iphoneos*]" = "iPhone Developer";
				COPY_PHASE_STRIP = NO;
				DEBUG_INFORMATION_FORMAT = "dwarf-with-dsym";
				ENABLE_STRICT_OBJC_MSGSEND = YES;
				GCC_C_LANGUAGE_STANDARD = gnu99;
				GCC_DYNAMIC_NO_PIC = NO;
				GCC_NO_COMMON_BLOCKS = YES;
				GCC_OPTIMIZATION_LEVEL = 0;
				GCC_PREPROCESSOR_DEFINITIONS = (
					"DEBUG=1",
					"$(inherited)",
				);
				GCC_SYMBOLS_PRIVATE_EXTERN = NO;
				GCC_WARN_64_TO_32_BIT_CONVERSION = YES;
				GCC_WARN_ABOUT_RETURN_TYPE = YES_ERROR;
				GCC_WARN_UNDECLARED_SELECTOR = YES;
				GCC_WARN_UNINITIALIZED_AUTOS = YES_AGGRESSIVE;
				GCC_WARN_UNUSED_FUNCTION = YES;
				GCC_WARN_UNUSED_VARIABLE = YES;
				IPHONEOS_DEPLOYMENT_TARGET = 8.3;
				MTL_ENABLE_DEBUG_INFO = YES;
				ONLY_ACTIVE_ARCH = YES;
				SDKROOT = iphoneos;
				TARGETED_DEVICE_FAMILY = "1,2";
			};
			name = Debug;
		};
		5D088F251ADE9455005F0876 /* Release */ = {
			isa = XCBuildConfiguration;
			buildSettings = {
				ALWAYS_SEARCH_USER_PATHS = NO;
				CLANG_CXX_LANGUAGE_STANDARD = "gnu++0x";
				CLANG_CXX_LIBRARY = "libc++";
				CLANG_ENABLE_MODULES = YES;
				CLANG_ENABLE_OBJC_ARC = YES;
				CLANG_WARN_BOOL_CONVERSION = YES;
				CLANG_WARN_CONSTANT_CONVERSION = YES;
				CLANG_WARN_DIRECT_OBJC_ISA_USAGE = YES_ERROR;
				CLANG_WARN_EMPTY_BODY = YES;
				CLANG_WARN_ENUM_CONVERSION = YES;
				CLANG_WARN_INT_CONVERSION = YES;
				CLANG_WARN_OBJC_ROOT_CLASS = YES_ERROR;
				CLANG_WARN_UNREACHABLE_CODE = YES;
				CLANG_WARN__DUPLICATE_METHOD_MATCH = YES;
				"CODE_SIGN_IDENTITY[sdk=iphoneos*]" = "iPhone Developer";
				COPY_PHASE_STRIP = NO;
				DEBUG_INFORMATION_FORMAT = "dwarf-with-dsym";
				ENABLE_NS_ASSERTIONS = NO;
				ENABLE_STRICT_OBJC_MSGSEND = YES;
				GCC_C_LANGUAGE_STANDARD = gnu99;
				GCC_NO_COMMON_BLOCKS = YES;
				GCC_WARN_64_TO_32_BIT_CONVERSION = YES;
				GCC_WARN_ABOUT_RETURN_TYPE = YES_ERROR;
				GCC_WARN_UNDECLARED_SELECTOR = YES;
				GCC_WARN_UNINITIALIZED_AUTOS = YES_AGGRESSIVE;
				GCC_WARN_UNUSED_FUNCTION = YES;
				GCC_WARN_UNUSED_VARIABLE = YES;
				IPHONEOS_DEPLOYMENT_TARGET = 8.3;
				MTL_ENABLE_DEBUG_INFO = NO;
				SDKROOT = iphoneos;
				TARGETED_DEVICE_FAMILY = "1,2";
				VALIDATE_PRODUCT = YES;
			};
			name = Release;
		};
		5D088F271ADE9455005F0876 /* Debug */ = {
			isa = XCBuildConfiguration;
			baseConfigurationReference = 452A97064D595B85A442DE68 /* Pods.debug.xcconfig */;
			buildSettings = {
				ASSETCATALOG_COMPILER_APPICON_NAME = AppIcon;
				CODE_SIGN_IDENTITY = "iPhone Developer";
				FRAMEWORK_SEARCH_PATHS = (
					"$(inherited)",
					"$(PROJECT_DIR)/SmartSchool/Frameworks",
				);
				INFOPLIST_FILE = SmartSchool/Info.plist;
				IPHONEOS_DEPLOYMENT_TARGET = 7.0;
				LD_RUNPATH_SEARCH_PATHS = "$(inherited) @executable_path/Frameworks";
				OTHER_LDFLAGS = (
					"$(inherited)",
					"-ObjC",
					"-l\"Pods-RongCloudIMKit\"",
					"-l\"c++\"",
					"-l\"iOS_IMKit\"",
					"-l\"icucore\"",
					"-l\"sqlite3\"",
					"-l\"stdc++\"",
					"-l\"z\"",
					"-l\"z.1.2.5\"",
					"-framework",
					"\"AVFoundation\"",
					"-framework",
					"\"AudioToolbox\"",
					"-framework",
					"\"BmobSDK\"",
					"-framework",
					"\"CFNetwork\"",
					"-framework",
					"\"CoreAudio\"",
					"-framework",
					"\"CoreGraphics\"",
					"-framework",
					"\"CoreImage\"",
					"-framework",
					"\"CoreLocation\"",
					"-framework",
					"\"CoreMedia\"",
					"-framework",
					"\"CoreTelephony\"",
					"-framework",
					"\"CoreVideo\"",
					"-framework",
					"\"Foundation\"",
					"-framework",
					"\"MapKit\"",
					"-framework",
					"\"MediaPlayer\"",
					"-framework",
					"\"MobileCoreServices\"",
					"-framework",
					"\"OpenGLES\"",
					"-framework",
					"\"QuartzCore\"",
					"-framework",
					"\"Security\"",
					"-framework",
					"\"SystemConfiguration\"",
					"-framework",
					"\"UIKit\"",
				);
				PRODUCT_NAME = "$(TARGET_NAME)";
				VALID_ARCHS = "armv7 armv7s arm64";
			};
			name = Debug;
		};
		5D088F281ADE9455005F0876 /* Release */ = {
			isa = XCBuildConfiguration;
			baseConfigurationReference = A3DFA5746D662A72EE498BBA /* Pods.release.xcconfig */;
			buildSettings = {
				ASSETCATALOG_COMPILER_APPICON_NAME = AppIcon;
				CODE_SIGN_IDENTITY = "iPhone Developer";
				FRAMEWORK_SEARCH_PATHS = (
					"$(inherited)",
					"$(PROJECT_DIR)/SmartSchool/Frameworks",
				);
				INFOPLIST_FILE = SmartSchool/Info.plist;
				IPHONEOS_DEPLOYMENT_TARGET = 7.0;
				LD_RUNPATH_SEARCH_PATHS = "$(inherited) @executable_path/Frameworks";
				OTHER_LDFLAGS = (
					"$(inherited)",
					"-ObjC",
					"-l\"Pods-RongCloudIMKit\"",
					"-l\"c++\"",
					"-l\"iOS_IMKit\"",
					"-l\"icucore\"",
					"-l\"sqlite3\"",
					"-l\"stdc++\"",
					"-l\"z\"",
					"-l\"z.1.2.5\"",
					"-framework",
					"\"AVFoundation\"",
					"-framework",
					"\"AudioToolbox\"",
					"-framework",
					"\"BmobSDK\"",
					"-framework",
					"\"CFNetwork\"",
					"-framework",
					"\"CoreAudio\"",
					"-framework",
					"\"CoreGraphics\"",
					"-framework",
					"\"CoreImage\"",
					"-framework",
					"\"CoreLocation\"",
					"-framework",
					"\"CoreMedia\"",
					"-framework",
					"\"CoreTelephony\"",
					"-framework",
					"\"CoreVideo\"",
					"-framework",
					"\"Foundation\"",
					"-framework",
					"\"MapKit\"",
					"-framework",
					"\"MediaPlayer\"",
					"-framework",
					"\"MobileCoreServices\"",
					"-framework",
					"\"OpenGLES\"",
					"-framework",
					"\"QuartzCore\"",
					"-framework",
					"\"Security\"",
					"-framework",
					"\"SystemConfiguration\"",
					"-framework",
					"\"UIKit\"",
				);
				PRODUCT_NAME = "$(TARGET_NAME)";
				VALID_ARCHS = "armv7 armv7s arm64";
			};
			name = Release;
		};
		5D088F2A1ADE9455005F0876 /* Debug */ = {
			isa = XCBuildConfiguration;
			buildSettings = {
				BUNDLE_LOADER = "$(TEST_HOST)";
				FRAMEWORK_SEARCH_PATHS = (
					"$(SDKROOT)/Developer/Library/Frameworks",
					"$(inherited)",
				);
				GCC_PREPROCESSOR_DEFINITIONS = (
					"DEBUG=1",
					"$(inherited)",
				);
				INFOPLIST_FILE = SmartSchoolTests/Info.plist;
				LD_RUNPATH_SEARCH_PATHS = "$(inherited) @executable_path/Frameworks @loader_path/Frameworks";
				PRODUCT_NAME = "$(TARGET_NAME)";
				TEST_HOST = "$(BUILT_PRODUCTS_DIR)/SmartSchool.app/SmartSchool";
			};
			name = Debug;
		};
		5D088F2B1ADE9455005F0876 /* Release */ = {
			isa = XCBuildConfiguration;
			buildSettings = {
				BUNDLE_LOADER = "$(TEST_HOST)";
				FRAMEWORK_SEARCH_PATHS = (
					"$(SDKROOT)/Developer/Library/Frameworks",
					"$(inherited)",
				);
				INFOPLIST_FILE = SmartSchoolTests/Info.plist;
				LD_RUNPATH_SEARCH_PATHS = "$(inherited) @executable_path/Frameworks @loader_path/Frameworks";
				PRODUCT_NAME = "$(TARGET_NAME)";
				TEST_HOST = "$(BUILT_PRODUCTS_DIR)/SmartSchool.app/SmartSchool";
			};
			name = Release;
		};
/* End XCBuildConfiguration section */

/* Begin XCConfigurationList section */
		5D088EFE1ADE9454005F0876 /* Build configuration list for PBXProject "SmartSchool" */ = {
			isa = XCConfigurationList;
			buildConfigurations = (
				5D088F241ADE9455005F0876 /* Debug */,
				5D088F251ADE9455005F0876 /* Release */,
			);
			defaultConfigurationIsVisible = 0;
			defaultConfigurationName = Release;
		};
		5D088F261ADE9455005F0876 /* Build configuration list for PBXNativeTarget "SmartSchool" */ = {
			isa = XCConfigurationList;
			buildConfigurations = (
				5D088F271ADE9455005F0876 /* Debug */,
				5D088F281ADE9455005F0876 /* Release */,
			);
			defaultConfigurationIsVisible = 0;
			defaultConfigurationName = Release;
		};
		5D088F291ADE9455005F0876 /* Build configuration list for PBXNativeTarget "SmartSchoolTests" */ = {
			isa = XCConfigurationList;
			buildConfigurations = (
				5D088F2A1ADE9455005F0876 /* Debug */,
				5D088F2B1ADE9455005F0876 /* Release */,
			);
			defaultConfigurationIsVisible = 0;
			defaultConfigurationName = Release;
		};
/* End XCConfigurationList section */
	};
	rootObject = 5D088EFB1ADE9454005F0876 /* Project object */;
}
